
Microsoft Visual Studio Solution File, Format Version 12.00
# Visual Studio Version 17
VisualStudioVersion = 17.11.35312.102
MinimumVisualStudioVersion = 10.0.40219.1
Project("{2150E333-8FDC-42A3-9474-1A3956D46DE8}") = "Core", "Core", "{1EA665AB-DEAE-4EF5-B90F-6C5218632632}"
EndProject
Project("{2150E333-8FDC-42A3-9474-1A3956D46DE8}") = "Frontends", "Frontends", "{15B90B0C-3CA4-40DF-A28C-E3780F87777E}"
EndProject
Project("{2150E333-8FDC-42A3-9474-1A3956D46DE8}") = "Infrastructure", "Infrastructure", "{9F178AAF-BEE6-4BA4-885F-7E3F70008F2B}"
EndProject
Project("{2150E333-8FDC-42A3-9474-1A3956D46DE8}") = "Presentation", "Presentation", "{2B4D7127-8AA1-46E1-B937-4B15DA03184F}"
EndProject
Project("{2150E333-8FDC-42A3-9474-1A3956D46DE8}") = "Requirements", "Requirements", "{4D0CCEEE-CC1C-4375-8A59-70FE4DBB1300}"
EndProject
Project("{FAE04EC0-301F-11D3-BF4B-00C04F79EFBC}") = "MovieApi.Domain", "Core\MovieApi.Domain\MovieApi.Domain.csproj", "{0D76BE95-7BCF-412A-B3BF-971680294CAE}"
EndProject
Project("{FAE04EC0-301F-11D3-BF4B-00C04F79EFBC}") = "MovieApi.Persistence", "Infrastructure\MovieApi.Persistance\MovieApi.Persistence.csproj", "{7F65910C-1CEA-453F-A0D3-F3525D3C40CD}"
EndProject
Project("{FAE04EC0-301F-11D3-BF4B-00C04F79EFBC}") = "MovieApi.WebApi", "Presentation\MovieApi.WebApi\MovieApi.WebApi.csproj", "{E0420EE1-D7D2-4780-91BE-A4EABE9B1870}"
EndProject
Project("{FAE04EC0-301F-11D3-BF4B-00C04F79EFBC}") = "MovieApi.Application", "Core\MovieApi.Application\MovieApi.Application.csproj", "{8FF4B79B-1241-4F9F-BBD9-A18A44A2ABD9}"
EndProject
Project("{FAE04EC0-301F-11D3-BF4B-00C04F79EFBC}") = "MovieApi.WebUI", "Frontends\MovieApi.WebUI\MovieApi.WebUI.csproj", "{0DB025E7-90DF-418B-BE2B-F6CD6C4FCB15}"
EndProject
Project("{FAE04EC0-301F-11D3-BF4B-00C04F79EFBC}") = "MovieApi.Dto", "Frontends\MovieApi.Dto\MovieApi.Dto.csproj", "{2E37B409-3383-47B2-8790-1B96995C8BD7}"
EndProject
Global
	GlobalSection(SolutionConfigurationPlatforms) = preSolution
		Debug|Any CPU = Debug|Any CPU
		Release|Any CPU = Release|Any CPU
	EndGlobalSection
	GlobalSection(ProjectConfigurationPlatforms) = postSolution
		{0D76BE95-7BCF-412A-B3BF-971680294CAE}.Debug|Any CPU.ActiveCfg = Debug|Any CPU
		{0D76BE95-7BCF-412A-B3BF-971680294CAE}.Debug|Any CPU.Build.0 = Debug|Any CPU
		{0D76BE95-7BCF-412A-B3BF-971680294CAE}.Release|Any CPU.ActiveCfg = Release|Any CPU
		{0D76BE95-7BCF-412A-B3BF-971680294CAE}.Release|Any CPU.Build.0 = Release|Any CPU
		{7F65910C-1CEA-453F-A0D3-F3525D3C40CD}.Debug|Any CPU.ActiveCfg = Debug|Any CPU
		{7F65910C-1CEA-453F-A0D3-F3525D3C40CD}.Debug|Any CPU.Build.0 = Debug|Any CPU
		{7F65910C-1CEA-453F-A0D3-F3525D3C40CD}.Release|Any CPU.ActiveCfg = Release|Any CPU
		{7F65910C-1CEA-453F-A0D3-F3525D3C40CD}.Release|Any CPU.Build.0 = Release|Any CPU
		{E0420EE1-D7D2-4780-91BE-A4EABE9B1870}.Debug|Any CPU.ActiveCfg = Debug|Any CPU
		{E0420EE1-D7D2-4780-91BE-A4EABE9B1870}.Debug|Any CPU.Build.0 = Debug|Any CPU
		{E0420EE1-D7D2-4780-91BE-A4EABE9B1870}.Release|Any CPU.ActiveCfg = Release|Any CPU
		{E0420EE1-D7D2-4780-91BE-A4EABE9B1870}.Release|Any CPU.Build.0 = Release|Any CPU
		{8FF4B79B-1241-4F9F-BBD9-A18A44A2ABD9}.Debug|Any CPU.ActiveCfg = Debug|Any CPU
		{8FF4B79B-1241-4F9F-BBD9-A18A44A2ABD9}.Debug|Any CPU.Build.0 = Debug|Any CPU
		{8FF4B79B-1241-4F9F-BBD9-A18A44A2ABD9}.Release|Any CPU.ActiveCfg = Release|Any CPU
		{8FF4B79B-1241-4F9F-BBD9-A18A44A2ABD9}.Release|Any CPU.Build.0 = Release|Any CPU
		{0DB025E7-90DF-418B-BE2B-F6CD6C4FCB15}.Debug|Any CPU.ActiveCfg = Debug|Any CPU
		{0DB025E7-90DF-418B-BE2B-F6CD6C4FCB15}.Debug|Any CPU.Build.0 = Debug|Any CPU
		{0DB025E7-90DF-418B-BE2B-F6CD6C4FCB15}.Release|Any CPU.ActiveCfg = Release|Any CPU
		{0DB025E7-90DF-418B-BE2B-F6CD6C4FCB15}.Release|Any CPU.Build.0 = Release|Any CPU
		{2E37B409-3383-47B2-8790-1B96995C8BD7}.Debug|Any CPU.ActiveCfg = Debug|Any CPU
		{2E37B409-3383-47B2-8790-1B96995C8BD7}.Debug|Any CPU.Build.0 = Debug|Any CPU
		{2E37B409-3383-47B2-8790-1B96995C8BD7}.Release|Any CPU.ActiveCfg = Release|Any CPU
		{2E37B409-3383-47B2-8790-1B96995C8BD7}.Release|Any CPU.Build.0 = Release|Any CPU
	EndGlobalSection
	GlobalSection(SolutionProperties) = preSolution
		HideSolutionNode = FALSE
	EndGlobalSection
	GlobalSection(NestedProjects) = preSolution
		{0D76BE95-7BCF-412A-B3BF-971680294CAE} = {1EA665AB-DEAE-4EF5-B90F-6C5218632632}
		{7F65910C-1CEA-453F-A0D3-F3525D3C40CD} = {9F178AAF-BEE6-4BA4-885F-7E3F70008F2B}
		{E0420EE1-D7D2-4780-91BE-A4EABE9B1870} = {2B4D7127-8AA1-46E1-B937-4B15DA03184F}
		{8FF4B79B-1241-4F9F-BBD9-A18A44A2ABD9} = {1EA665AB-DEAE-4EF5-B90F-6C5218632632}
		{0DB025E7-90DF-418B-BE2B-F6CD6C4FCB15} = {15B90B0C-3CA4-40DF-A28C-E3780F87777E}
		{2E37B409-3383-47B2-8790-1B96995C8BD7} = {15B90B0C-3CA4-40DF-A28C-E3780F87777E}
	EndGlobalSection
	GlobalSection(ExtensibilityGlobals) = postSolution
		SolutionGuid = {F08327E9-C6ED-4727-B960-7B7488C63CC2}
	EndGlobalSection
EndGlobal
